
Microsoft Visual Studio Solution File, Format Version 12.00
# Visual Studio 15
VisualStudioVersion = 15.0.26430.6
MinimumVisualStudioVersion = 10.0.40219.1
Project("{2150E333-8FDC-42A3-9474-1A3956D46DE8}") = "Project", "Project", "{6F81D5A7-DD8E-40CF-A696-7E14B6309CD0}"
EndProject
Project("{2150E333-8FDC-42A3-9474-1A3956D46DE8}") = "D3", "D3", "{9D180712-0180-4814-95C8-C9A0732EC28D}"
EndProject
Project("{2150E333-8FDC-42A3-9474-1A3956D46DE8}") = "Configuration", "Configuration", "{0A2EC991-43AF-4CB5-88D6-37ADD014CC19}"
	ProjectSection(SolutionItems) = preProject
		.gitattributes = .gitattributes
		.gitignore = .gitignore
		scripts\applytransform.targets = scripts\applytransform.targets
		gulp-config.js = gulp-config.js
		gulpfile.js = gulpfile.js
		package.json = package.json
		publishsettings.targets = publishsettings.targets
		WebEssentials2015-Settings.json = WebEssentials2015-Settings.json
		src\Project\Group\code\App_Config\Include\Project\z.Sitecore.Demo.Group.DevSettings.config = src\Project\Group\code\App_Config\Include\Project\z.Sitecore.Demo.Group.DevSettings.config
	EndProjectSection
EndProject
Project("{2150E333-8FDC-42A3-9474-1A3956D46DE8}") = "Feature", "Feature", "{F0B4745C-13FB-4D0B-99EF-FEC87FFB9152}"
EndProject
Project("{2150E333-8FDC-42A3-9474-1A3956D46DE8}") = "Events", "Events", "{8EFF3E66-3270-4963-A5C7-DAC4D37F2EB1}"
EndProject
Project("{FAE04EC0-301F-11D3-BF4B-00C04F79EFBC}") = "Sitecore.Feature.Events", "src\Feature\Events\code\Sitecore.Feature.Events.csproj", "{980BC0FB-1680-400A-A3A6-1869CC307D4C}"
EndProject
Project("{2150E333-8FDC-42A3-9474-1A3956D46DE8}") = "D3Identity", "D3Identity", "{9EEA1520-1BDF-4D72-849B-5D0A8617CE8B}"
EndProject
Project("{2150E333-8FDC-42A3-9474-1A3956D46DE8}") = "D3Teasers", "D3Teasers", "{3503FBB8-211C-4C2B-93D7-09722F940A83}"
EndProject
Project("{FAE04EC0-301F-11D3-BF4B-00C04F79EFBC}") = "Sitecore.Feature.D3Identity", "src\Feature\D3Identity\code\Sitecore.Feature.D3Identity.csproj", "{CD34DC2A-37D2-4653-B66A-BB660D9D8309}"
EndProject
Project("{2150E333-8FDC-42A3-9474-1A3956D46DE8}") = "D3Media", "D3Media", "{FDCDE5A3-2D84-4BB1-93FE-8C5101D2D765}"
EndProject
Project("{FAE04EC0-301F-11D3-BF4B-00C04F79EFBC}") = "Sitecore.Feature.D3Media", "src\Feature\D3Media\code\Sitecore.Feature.D3Media.csproj", "{D0205553-D8FC-41A4-AAC9-762B0D3D5CB8}"
EndProject
Project("{FAE04EC0-301F-11D3-BF4B-00C04F79EFBC}") = "Sitecore.Demo.D3", "src\Project\D3\code\Sitecore.Demo.D3.csproj", "{4A74623C-08D4-4984-A7A5-E482AF0B0630}"
EndProject
Project("{FAE04EC0-301F-11D3-BF4B-00C04F79EFBC}") = "Sitecore.Feature.D3Teasers", "src\Feature\D3Teasers\code\Sitecore.Feature.D3Teasers.csproj", "{BF93E8CE-AF94-4C9A-A880-150EA35F6AB4}"
EndProject
Project("{2150E333-8FDC-42A3-9474-1A3956D46DE8}") = "Foundation", "Foundation", "{8CFFBE61-C2E2-4CD7-8D20-F29D8555F192}"
EndProject
Project("{2150E333-8FDC-42A3-9474-1A3956D46DE8}") = "Alerts", "Alerts", "{AB3B9CC1-899B-4BB4-B733-1F9A77078642}"
EndProject
Project("{2150E333-8FDC-42A3-9474-1A3956D46DE8}") = "SitecoreExtensions", "SitecoreExtensions", "{AE84AD23-0850-4990-A76D-C4D7F243DE05}"
EndProject
Project("{2150E333-8FDC-42A3-9474-1A3956D46DE8}") = "Theming", "Theming", "{4320A259-D326-4517-A568-B8BA040019A5}"
EndProject
Project("{FAE04EC0-301F-11D3-BF4B-00C04F79EFBC}") = "Sitecore.Foundation.Alerts", "src\Foundation\Alerts\code\Sitecore.Foundation.Alerts.csproj", "{5CF5FA06-AB27-4DF5-A471-ED57EF3E4AE9}"
EndProject
Project("{FAE04EC0-301F-11D3-BF4B-00C04F79EFBC}") = "Sitecore.Foundation.SitecoreExtensions", "src\Foundation\SitecoreExtensions\code\Sitecore.Foundation.SitecoreExtensions.csproj", "{B535703F-8D07-4F23-A533-2974BB4CC7B1}"
EndProject
Project("{FAE04EC0-301F-11D3-BF4B-00C04F79EFBC}") = "Sitecore.Foundation.Theming", "src\Foundation\Theming\code\Sitecore.Foundation.Theming.csproj", "{98DE0D1D-26F1-4CCA-847C-4E0FC2DBA5FC}"
EndProject
Project("{2150E333-8FDC-42A3-9474-1A3956D46DE8}") = "DependencyInjection", "DependencyInjection", "{010C683C-695A-41F7-AC3E-7010B76449A3}"
EndProject
Project("{FAE04EC0-301F-11D3-BF4B-00C04F79EFBC}") = "Sitecore.Foundation.DependencyInjection", "src\Foundation\DependencyInjection\code\Sitecore.Foundation.DependencyInjection.csproj", "{366148B7-2392-4F42-80D6-786B7A3682AE}"
EndProject
Project("{2150E333-8FDC-42A3-9474-1A3956D46DE8}") = "Dictionary", "Dictionary", "{7C129BDE-1D57-4E04-9AD3-3C1EEE2EEFA8}"
EndProject
Project("{FAE04EC0-301F-11D3-BF4B-00C04F79EFBC}") = "Sitecore.Foundation.Dictionary", "src\Foundation\Dictionary\code\Sitecore.Foundation.Dictionary.csproj", "{0D6BA4D8-C469-4AE9-9EBB-93BDF7D7E78F}"
EndProject
Project("{2150E333-8FDC-42A3-9474-1A3956D46DE8}") = "Assets", "Assets", "{ECDA5E61-A845-4330-9991-EBF2A47E4DC2}"
EndProject
Project("{FAE04EC0-301F-11D3-BF4B-00C04F79EFBC}") = "Sitecore.Foundation.Assets", "src\Foundation\Assets\code\Sitecore.Foundation.Assets.csproj", "{7E46FF93-EE05-412C-AC47-2A59A13DA73C}"
EndProject
Global
	GlobalSection(SolutionConfigurationPlatforms) = preSolution
		Debug|Any CPU = Debug|Any CPU
		Release|Any CPU = Release|Any CPU
	EndGlobalSection
	GlobalSection(ProjectConfigurationPlatforms) = postSolution
		{980BC0FB-1680-400A-A3A6-1869CC307D4C}.Debug|Any CPU.ActiveCfg = Debug|Any CPU
		{980BC0FB-1680-400A-A3A6-1869CC307D4C}.Debug|Any CPU.Build.0 = Debug|Any CPU
		{980BC0FB-1680-400A-A3A6-1869CC307D4C}.Release|Any CPU.ActiveCfg = Release|Any CPU
		{980BC0FB-1680-400A-A3A6-1869CC307D4C}.Release|Any CPU.Build.0 = Release|Any CPU
		{CD34DC2A-37D2-4653-B66A-BB660D9D8309}.Debug|Any CPU.ActiveCfg = Debug|Any CPU
		{CD34DC2A-37D2-4653-B66A-BB660D9D8309}.Debug|Any CPU.Build.0 = Debug|Any CPU
		{CD34DC2A-37D2-4653-B66A-BB660D9D8309}.Release|Any CPU.ActiveCfg = Release|Any CPU
		{CD34DC2A-37D2-4653-B66A-BB660D9D8309}.Release|Any CPU.Build.0 = Release|Any CPU
		{D0205553-D8FC-41A4-AAC9-762B0D3D5CB8}.Debug|Any CPU.ActiveCfg = Debug|Any CPU
		{D0205553-D8FC-41A4-AAC9-762B0D3D5CB8}.Debug|Any CPU.Build.0 = Debug|Any CPU
		{D0205553-D8FC-41A4-AAC9-762B0D3D5CB8}.Release|Any CPU.ActiveCfg = Release|Any CPU
		{D0205553-D8FC-41A4-AAC9-762B0D3D5CB8}.Release|Any CPU.Build.0 = Release|Any CPU
		{4A74623C-08D4-4984-A7A5-E482AF0B0630}.Debug|Any CPU.ActiveCfg = Debug|Any CPU
		{4A74623C-08D4-4984-A7A5-E482AF0B0630}.Debug|Any CPU.Build.0 = Debug|Any CPU
		{4A74623C-08D4-4984-A7A5-E482AF0B0630}.Release|Any CPU.ActiveCfg = Release|Any CPU
		{4A74623C-08D4-4984-A7A5-E482AF0B0630}.Release|Any CPU.Build.0 = Release|Any CPU
		{BF93E8CE-AF94-4C9A-A880-150EA35F6AB4}.Debug|Any CPU.ActiveCfg = Debug|Any CPU
		{BF93E8CE-AF94-4C9A-A880-150EA35F6AB4}.Debug|Any CPU.Build.0 = Debug|Any CPU
		{BF93E8CE-AF94-4C9A-A880-150EA35F6AB4}.Release|Any CPU.ActiveCfg = Release|Any CPU
		{BF93E8CE-AF94-4C9A-A880-150EA35F6AB4}.Release|Any CPU.Build.0 = Release|Any CPU
		{5CF5FA06-AB27-4DF5-A471-ED57EF3E4AE9}.Debug|Any CPU.ActiveCfg = Debug|Any CPU
		{5CF5FA06-AB27-4DF5-A471-ED57EF3E4AE9}.Debug|Any CPU.Build.0 = Debug|Any CPU
		{5CF5FA06-AB27-4DF5-A471-ED57EF3E4AE9}.Release|Any CPU.ActiveCfg = Release|Any CPU
		{5CF5FA06-AB27-4DF5-A471-ED57EF3E4AE9}.Release|Any CPU.Build.0 = Release|Any CPU
		{B535703F-8D07-4F23-A533-2974BB4CC7B1}.Debug|Any CPU.ActiveCfg = Debug|Any CPU
		{B535703F-8D07-4F23-A533-2974BB4CC7B1}.Debug|Any CPU.Build.0 = Debug|Any CPU
		{B535703F-8D07-4F23-A533-2974BB4CC7B1}.Release|Any CPU.ActiveCfg = Release|Any CPU
		{B535703F-8D07-4F23-A533-2974BB4CC7B1}.Release|Any CPU.Build.0 = Release|Any CPU
		{98DE0D1D-26F1-4CCA-847C-4E0FC2DBA5FC}.Debug|Any CPU.ActiveCfg = Debug|Any CPU
		{98DE0D1D-26F1-4CCA-847C-4E0FC2DBA5FC}.Debug|Any CPU.Build.0 = Debug|Any CPU
		{98DE0D1D-26F1-4CCA-847C-4E0FC2DBA5FC}.Release|Any CPU.ActiveCfg = Release|Any CPU
		{98DE0D1D-26F1-4CCA-847C-4E0FC2DBA5FC}.Release|Any CPU.Build.0 = Release|Any CPU
		{366148B7-2392-4F42-80D6-786B7A3682AE}.Debug|Any CPU.ActiveCfg = Debug|Any CPU
		{366148B7-2392-4F42-80D6-786B7A3682AE}.Debug|Any CPU.Build.0 = Debug|Any CPU
		{366148B7-2392-4F42-80D6-786B7A3682AE}.Release|Any CPU.ActiveCfg = Release|Any CPU
		{366148B7-2392-4F42-80D6-786B7A3682AE}.Release|Any CPU.Build.0 = Release|Any CPU
		{0D6BA4D8-C469-4AE9-9EBB-93BDF7D7E78F}.Debug|Any CPU.ActiveCfg = Debug|Any CPU
		{0D6BA4D8-C469-4AE9-9EBB-93BDF7D7E78F}.Debug|Any CPU.Build.0 = Debug|Any CPU
		{0D6BA4D8-C469-4AE9-9EBB-93BDF7D7E78F}.Release|Any CPU.ActiveCfg = Release|Any CPU
		{0D6BA4D8-C469-4AE9-9EBB-93BDF7D7E78F}.Release|Any CPU.Build.0 = Release|Any CPU
		{7E46FF93-EE05-412C-AC47-2A59A13DA73C}.Debug|Any CPU.ActiveCfg = Debug|Any CPU
		{7E46FF93-EE05-412C-AC47-2A59A13DA73C}.Debug|Any CPU.Build.0 = Debug|Any CPU
		{7E46FF93-EE05-412C-AC47-2A59A13DA73C}.Release|Any CPU.ActiveCfg = Release|Any CPU
		{7E46FF93-EE05-412C-AC47-2A59A13DA73C}.Release|Any CPU.Build.0 = Release|Any CPU
	EndGlobalSection
	GlobalSection(SolutionProperties) = preSolution
		HideSolutionNode = FALSE
	EndGlobalSection
	GlobalSection(NestedProjects) = preSolution
		{9D180712-0180-4814-95C8-C9A0732EC28D} = {6F81D5A7-DD8E-40CF-A696-7E14B6309CD0}
		{8EFF3E66-3270-4963-A5C7-DAC4D37F2EB1} = {F0B4745C-13FB-4D0B-99EF-FEC87FFB9152}
		{980BC0FB-1680-400A-A3A6-1869CC307D4C} = {8EFF3E66-3270-4963-A5C7-DAC4D37F2EB1}
		{9EEA1520-1BDF-4D72-849B-5D0A8617CE8B} = {F0B4745C-13FB-4D0B-99EF-FEC87FFB9152}
		{3503FBB8-211C-4C2B-93D7-09722F940A83} = {F0B4745C-13FB-4D0B-99EF-FEC87FFB9152}
		{CD34DC2A-37D2-4653-B66A-BB660D9D8309} = {9EEA1520-1BDF-4D72-849B-5D0A8617CE8B}
		{FDCDE5A3-2D84-4BB1-93FE-8C5101D2D765} = {F0B4745C-13FB-4D0B-99EF-FEC87FFB9152}
		{D0205553-D8FC-41A4-AAC9-762B0D3D5CB8} = {FDCDE5A3-2D84-4BB1-93FE-8C5101D2D765}
		{4A74623C-08D4-4984-A7A5-E482AF0B0630} = {9D180712-0180-4814-95C8-C9A0732EC28D}
		{BF93E8CE-AF94-4C9A-A880-150EA35F6AB4} = {3503FBB8-211C-4C2B-93D7-09722F940A83}
		{AB3B9CC1-899B-4BB4-B733-1F9A77078642} = {8CFFBE61-C2E2-4CD7-8D20-F29D8555F192}
		{AE84AD23-0850-4990-A76D-C4D7F243DE05} = {8CFFBE61-C2E2-4CD7-8D20-F29D8555F192}
		{4320A259-D326-4517-A568-B8BA040019A5} = {8CFFBE61-C2E2-4CD7-8D20-F29D8555F192}
		{5CF5FA06-AB27-4DF5-A471-ED57EF3E4AE9} = {AB3B9CC1-899B-4BB4-B733-1F9A77078642}
		{B535703F-8D07-4F23-A533-2974BB4CC7B1} = {AE84AD23-0850-4990-A76D-C4D7F243DE05}
		{98DE0D1D-26F1-4CCA-847C-4E0FC2DBA5FC} = {4320A259-D326-4517-A568-B8BA040019A5}
		{010C683C-695A-41F7-AC3E-7010B76449A3} = {8CFFBE61-C2E2-4CD7-8D20-F29D8555F192}
		{366148B7-2392-4F42-80D6-786B7A3682AE} = {010C683C-695A-41F7-AC3E-7010B76449A3}
		{7C129BDE-1D57-4E04-9AD3-3C1EEE2EEFA8} = {8CFFBE61-C2E2-4CD7-8D20-F29D8555F192}
		{0D6BA4D8-C469-4AE9-9EBB-93BDF7D7E78F} = {7C129BDE-1D57-4E04-9AD3-3C1EEE2EEFA8}
		{ECDA5E61-A845-4330-9991-EBF2A47E4DC2} = {8CFFBE61-C2E2-4CD7-8D20-F29D8555F192}
		{7E46FF93-EE05-412C-AC47-2A59A13DA73C} = {ECDA5E61-A845-4330-9991-EBF2A47E4DC2}
	EndGlobalSection
	GlobalSection(ExtensibilityGlobals) = postSolution
		SolutionGuid = {D5BA27B1-5009-49D1-BBDE-A3C73AD2F281}
	EndGlobalSection
EndGlobal
