
Microsoft Visual Studio Solution File, Format Version 12.00
# Visual Studio 15
VisualStudioVersion = 15.0.26430.6
MinimumVisualStudioVersion = 10.0.40219.1
Project("{2150E333-8FDC-42A3-9474-1A3956D46DE8}") = "Project", "Project", "{6F81D5A7-DD8E-40CF-A696-7E14B6309CD0}"
EndProject
Project("{2150E333-8FDC-42A3-9474-1A3956D46DE8}") = "D3", "D3", "{9D180712-0180-4814-95C8-C9A0732EC28D}"
EndProject
Project("{2150E333-8FDC-42A3-9474-1A3956D46DE8}") = "Configuration", "Configuration", "{0A2EC991-43AF-4CB5-88D6-37ADD014CC19}"
	ProjectSection(SolutionItems) = preProject
		.gitattributes = .gitattributes
		.gitignore = .gitignore
		scripts\applytransform.targets = scripts\applytransform.targets
		gulp-config.js = gulp-config.js
		gulpfile.js = gulpfile.js
		package.json = package.json
		publishsettings.targets = publishsettings.targets
		WebEssentials2015-Settings.json = WebEssentials2015-Settings.json
		src\Project\Group\code\App_Config\Include\Project\z.Sitecore.Demo.Group.DevSettings.config = src\Project\Group\code\App_Config\Include\Project\z.Sitecore.Demo.Group.DevSettings.config
	EndProjectSection
EndProject
Project("{2150E333-8FDC-42A3-9474-1A3956D46DE8}") = "Feature", "Feature", "{F0B4745C-13FB-4D0B-99EF-FEC87FFB9152}"
EndProject
Project("{2150E333-8FDC-42A3-9474-1A3956D46DE8}") = "Events", "Events", "{8EFF3E66-3270-4963-A5C7-DAC4D37F2EB1}"
EndProject
Project("{FAE04EC0-301F-11D3-BF4B-00C04F79EFBC}") = "Sitecore.Feature.Events", "src\Feature\Events\code\Sitecore.Feature.Events.csproj", "{980BC0FB-1680-400A-A3A6-1869CC307D4C}"
EndProject
Project("{2150E333-8FDC-42A3-9474-1A3956D46DE8}") = "D3Identity", "D3Identity", "{9EEA1520-1BDF-4D72-849B-5D0A8617CE8B}"
EndProject
Project("{2150E333-8FDC-42A3-9474-1A3956D46DE8}") = "D3Teasers", "D3Teasers", "{3503FBB8-211C-4C2B-93D7-09722F940A83}"
EndProject
Project("{FAE04EC0-301F-11D3-BF4B-00C04F79EFBC}") = "Sitecore.Feature.D3Identity", "src\Feature\D3Identity\code\Sitecore.Feature.D3Identity.csproj", "{CD34DC2A-37D2-4653-B66A-BB660D9D8309}"
EndProject
Project("{2150E333-8FDC-42A3-9474-1A3956D46DE8}") = "D3Media", "D3Media", "{FDCDE5A3-2D84-4BB1-93FE-8C5101D2D765}"
EndProject
Project("{FAE04EC0-301F-11D3-BF4B-00C04F79EFBC}") = "Sitecore.Feature.D3Media", "src\Feature\D3Media\code\Sitecore.Feature.D3Media.csproj", "{D0205553-D8FC-41A4-AAC9-762B0D3D5CB8}"
EndProject
Project("{FAE04EC0-301F-11D3-BF4B-00C04F79EFBC}") = "Sitecore.Demo.D3", "src\Project\D3\code\Sitecore.Demo.D3.csproj", "{4A74623C-08D4-4984-A7A5-E482AF0B0630}"
EndProject
Project("{FAE04EC0-301F-11D3-BF4B-00C04F79EFBC}") = "Sitecore.Feature.D3Teasers", "src\Feature\D3Teasers\code\Sitecore.Feature.D3Teasers.csproj", "{BF93E8CE-AF94-4C9A-A880-150EA35F6AB4}"
EndProject
Project("{2150E333-8FDC-42A3-9474-1A3956D46DE8}") = "Foundation", "Foundation", "{8CFFBE61-C2E2-4CD7-8D20-F29D8555F192}"
EndProject
Project("{2150E333-8FDC-42A3-9474-1A3956D46DE8}") = "D3Common", "D3Common", "{E03B9C08-33E0-49A4-806A-ABDC970BEE5B}"
EndProject
Project("{FAE04EC0-301F-11D3-BF4B-00C04F79EFBC}") = "Sitecore.Common.Website", "src\Project\Common\code\Sitecore.Common.Website.csproj", "{87B7CB9E-B26D-4F0B-A7AE-B5C4B867AA9E}"
EndProject
Global
	GlobalSection(SolutionConfigurationPlatforms) = preSolution
		Debug|Any CPU = Debug|Any CPU
		Release|Any CPU = Release|Any CPU
	EndGlobalSection
	GlobalSection(ProjectConfigurationPlatforms) = postSolution
		{980BC0FB-1680-400A-A3A6-1869CC307D4C}.Debug|Any CPU.ActiveCfg = Debug|Any CPU
		{980BC0FB-1680-400A-A3A6-1869CC307D4C}.Debug|Any CPU.Build.0 = Debug|Any CPU
		{980BC0FB-1680-400A-A3A6-1869CC307D4C}.Release|Any CPU.ActiveCfg = Release|Any CPU
		{980BC0FB-1680-400A-A3A6-1869CC307D4C}.Release|Any CPU.Build.0 = Release|Any CPU
		{CD34DC2A-37D2-4653-B66A-BB660D9D8309}.Debug|Any CPU.ActiveCfg = Debug|Any CPU
		{CD34DC2A-37D2-4653-B66A-BB660D9D8309}.Debug|Any CPU.Build.0 = Debug|Any CPU
		{CD34DC2A-37D2-4653-B66A-BB660D9D8309}.Release|Any CPU.ActiveCfg = Release|Any CPU
		{CD34DC2A-37D2-4653-B66A-BB660D9D8309}.Release|Any CPU.Build.0 = Release|Any CPU
		{D0205553-D8FC-41A4-AAC9-762B0D3D5CB8}.Debug|Any CPU.ActiveCfg = Debug|Any CPU
		{D0205553-D8FC-41A4-AAC9-762B0D3D5CB8}.Debug|Any CPU.Build.0 = Debug|Any CPU
		{D0205553-D8FC-41A4-AAC9-762B0D3D5CB8}.Release|Any CPU.ActiveCfg = Release|Any CPU
		{D0205553-D8FC-41A4-AAC9-762B0D3D5CB8}.Release|Any CPU.Build.0 = Release|Any CPU
		{4A74623C-08D4-4984-A7A5-E482AF0B0630}.Debug|Any CPU.ActiveCfg = Debug|Any CPU
		{4A74623C-08D4-4984-A7A5-E482AF0B0630}.Debug|Any CPU.Build.0 = Debug|Any CPU
		{4A74623C-08D4-4984-A7A5-E482AF0B0630}.Release|Any CPU.ActiveCfg = Release|Any CPU
		{4A74623C-08D4-4984-A7A5-E482AF0B0630}.Release|Any CPU.Build.0 = Release|Any CPU
		{BF93E8CE-AF94-4C9A-A880-150EA35F6AB4}.Debug|Any CPU.ActiveCfg = Debug|Any CPU
		{BF93E8CE-AF94-4C9A-A880-150EA35F6AB4}.Debug|Any CPU.Build.0 = Debug|Any CPU
		{BF93E8CE-AF94-4C9A-A880-150EA35F6AB4}.Release|Any CPU.ActiveCfg = Release|Any CPU
		{BF93E8CE-AF94-4C9A-A880-150EA35F6AB4}.Release|Any CPU.Build.0 = Release|Any CPU
		{87B7CB9E-B26D-4F0B-A7AE-B5C4B867AA9E}.Debug|Any CPU.ActiveCfg = Debug|Any CPU
		{87B7CB9E-B26D-4F0B-A7AE-B5C4B867AA9E}.Debug|Any CPU.Build.0 = Debug|Any CPU
		{87B7CB9E-B26D-4F0B-A7AE-B5C4B867AA9E}.Release|Any CPU.ActiveCfg = Release|Any CPU
		{87B7CB9E-B26D-4F0B-A7AE-B5C4B867AA9E}.Release|Any CPU.Build.0 = Release|Any CPU
	EndGlobalSection
	GlobalSection(SolutionProperties) = preSolution
		HideSolutionNode = FALSE
	EndGlobalSection
	GlobalSection(NestedProjects) = preSolution
		{9D180712-0180-4814-95C8-C9A0732EC28D} = {6F81D5A7-DD8E-40CF-A696-7E14B6309CD0}
		{8EFF3E66-3270-4963-A5C7-DAC4D37F2EB1} = {F0B4745C-13FB-4D0B-99EF-FEC87FFB9152}
		{980BC0FB-1680-400A-A3A6-1869CC307D4C} = {8EFF3E66-3270-4963-A5C7-DAC4D37F2EB1}
		{9EEA1520-1BDF-4D72-849B-5D0A8617CE8B} = {F0B4745C-13FB-4D0B-99EF-FEC87FFB9152}
		{3503FBB8-211C-4C2B-93D7-09722F940A83} = {F0B4745C-13FB-4D0B-99EF-FEC87FFB9152}
		{CD34DC2A-37D2-4653-B66A-BB660D9D8309} = {9EEA1520-1BDF-4D72-849B-5D0A8617CE8B}
		{FDCDE5A3-2D84-4BB1-93FE-8C5101D2D765} = {F0B4745C-13FB-4D0B-99EF-FEC87FFB9152}
		{D0205553-D8FC-41A4-AAC9-762B0D3D5CB8} = {FDCDE5A3-2D84-4BB1-93FE-8C5101D2D765}
		{4A74623C-08D4-4984-A7A5-E482AF0B0630} = {9D180712-0180-4814-95C8-C9A0732EC28D}
		{BF93E8CE-AF94-4C9A-A880-150EA35F6AB4} = {3503FBB8-211C-4C2B-93D7-09722F940A83}
		{E03B9C08-33E0-49A4-806A-ABDC970BEE5B} = {6F81D5A7-DD8E-40CF-A696-7E14B6309CD0}
		{87B7CB9E-B26D-4F0B-A7AE-B5C4B867AA9E} = {E03B9C08-33E0-49A4-806A-ABDC970BEE5B}
	EndGlobalSection
	GlobalSection(ExtensibilityGlobals) = postSolution
		SolutionGuid = {D5BA27B1-5009-49D1-BBDE-A3C73AD2F281}
	EndGlobalSection
EndGlobal
