
Microsoft Visual Studio Solution File, Format Version 12.00
# Visual Studio 15
VisualStudioVersion = 15.0.26430.6
MinimumVisualStudioVersion = 10.0.40219.1
Project("{2150E333-8FDC-42A3-9474-1A3956D46DE8}") = "Project", "Project", "{6F81D5A7-DD8E-40CF-A696-7E14B6309CD0}"
EndProject
Project("{2150E333-8FDC-42A3-9474-1A3956D46DE8}") = "D3", "D3", "{9D180712-0180-4814-95C8-C9A0732EC28D}"
EndProject
Project("{2150E333-8FDC-42A3-9474-1A3956D46DE8}") = "Configuration", "Configuration", "{0A2EC991-43AF-4CB5-88D6-37ADD014CC19}"
	ProjectSection(SolutionItems) = preProject
		.gitattributes = .gitattributes
		.gitignore = .gitignore
		scripts\applytransform.targets = scripts\applytransform.targets
		gulp-config.js = gulp-config.js
		gulpfile.js = gulpfile.js
		package.json = package.json
		publishsettings.targets = publishsettings.targets
		WebEssentials2015-Settings.json = WebEssentials2015-Settings.json
		src\Project\Group\code\App_Config\Include\Project\z.Sitecore.Demo.Group.DevSettings.config = src\Project\Group\code\App_Config\Include\Project\z.Sitecore.Demo.Group.DevSettings.config
	EndProjectSection
EndProject
Project("{2150E333-8FDC-42A3-9474-1A3956D46DE8}") = "Feature", "Feature", "{F0B4745C-13FB-4D0B-99EF-FEC87FFB9152}"
EndProject
Project("{2150E333-8FDC-42A3-9474-1A3956D46DE8}") = "Events", "Events", "{8EFF3E66-3270-4963-A5C7-DAC4D37F2EB1}"
EndProject
Project("{2150E333-8FDC-42A3-9474-1A3956D46DE8}") = "Identity", "Identity", "{9EEA1520-1BDF-4D72-849B-5D0A8617CE8B}"
EndProject
Project("{2150E333-8FDC-42A3-9474-1A3956D46DE8}") = "Teasers", "Teasers", "{3503FBB8-211C-4C2B-93D7-09722F940A83}"
EndProject
Project("{2150E333-8FDC-42A3-9474-1A3956D46DE8}") = "Common", "Common", "{E03B9C08-33E0-49A4-806A-ABDC970BEE5B}"
EndProject
Project("{2150E333-8FDC-42A3-9474-1A3956D46DE8}") = "PageContent", "PageContent", "{E43717F3-A0D3-4BB1-944B-AAB0CA59F52C}"
EndProject
Project("{2150E333-8FDC-42A3-9474-1A3956D46DE8}") = "Foundation", "Foundation", "{5872A4A3-9C15-46E9-8201-30CD274C36E1}"
EndProject
Project("{2150E333-8FDC-42A3-9474-1A3956D46DE8}") = "SitecoreExtensions", "SitecoreExtensions", "{02BAF3FF-15E5-4C65-BB40-C3737EAF7720}"
EndProject
Project("{FAE04EC0-301F-11D3-BF4B-00C04F79EFBC}") = "Sitecore.Demo.D3", "src\Project\D3\code\Sitecore.Demo.D3.csproj", "{4A74623C-08D4-4984-A7A5-E482AF0B0630}"
EndProject
Project("{2150E333-8FDC-42A3-9474-1A3956D46DE8}") = "DependencyInjection", "DependencyInjection", "{AC24475B-39E2-4F3B-8E0B-2FD70CEE7B26}"
EndProject
Project("{2150E333-8FDC-42A3-9474-1A3956D46DE8}") = "Serialization", "Serialization", "{710EC5F9-3473-49A1-A034-55EC396C6CB5}"
EndProject
Project("{FAE04EC0-301F-11D3-BF4B-00C04F79EFBC}") = "Sitecore.Foundation.DependencyInjection", "src\Foundation\DependencyInjection\code\Sitecore.Foundation.DependencyInjection.csproj", "{366148B7-2392-4F42-80D6-786B7A3682AE}"
EndProject
Project("{FAE04EC0-301F-11D3-BF4B-00C04F79EFBC}") = "Sitecore.Foundation.Serialization", "src\Foundation\Serialization\code\Sitecore.Foundation.Serialization.csproj", "{007CD5DC-0030-460D-91A3-3DDEA9AB472F}"
EndProject
Project("{FAE04EC0-301F-11D3-BF4B-00C04F79EFBC}") = "Sitecore.Foundation.SitecoreExtensions", "src\Foundation\SitecoreExtensions\code\Sitecore.Foundation.SitecoreExtensions.csproj", "{B535703F-8D07-4F23-A533-2974BB4CC7B1}"
EndProject
Project("{FAE04EC0-301F-11D3-BF4B-00C04F79EFBC}") = "Sitecore.Feature.Identity", "src\Feature\Identity\code\Sitecore.Feature.Identity.csproj", "{0D0B809C-03AB-4EE1-898F-CFE28CF5B245}"
EndProject
Project("{FAE04EC0-301F-11D3-BF4B-00C04F79EFBC}") = "Sitecore.Feature.PageContent", "src\Feature\PageContent\code\Sitecore.Feature.PageContent.csproj", "{DA079E95-DB53-4A66-AB35-2DAB71D19276}"
EndProject
Project("{2150E333-8FDC-42A3-9474-1A3956D46DE8}") = "Dictionary", "Dictionary", "{CB7D7C9A-7292-47C0-A3A5-92B055C20578}"
EndProject
Project("{FAE04EC0-301F-11D3-BF4B-00C04F79EFBC}") = "Sitecore.Foundation.Dictionary", "src\Foundation\Dictionary\code\Sitecore.Foundation.Dictionary.csproj", "{0D6BA4D8-C469-4AE9-9EBB-93BDF7D7E78F}"
EndProject
Project("{FAE04EC0-301F-11D3-BF4B-00C04F79EFBC}") = "Sitecore.Demo.D3", "src\Project\Common\code\Sitecore.Demo.D3.csproj", "{3FF15D1A-72B6-443D-A3FB-9DD260715FAF}"
EndProject
Global
	GlobalSection(SolutionConfigurationPlatforms) = preSolution
		Debug|Any CPU = Debug|Any CPU
		Release|Any CPU = Release|Any CPU
	EndGlobalSection
	GlobalSection(ProjectConfigurationPlatforms) = postSolution
		{4A74623C-08D4-4984-A7A5-E482AF0B0630}.Debug|Any CPU.ActiveCfg = Debug|Any CPU
		{4A74623C-08D4-4984-A7A5-E482AF0B0630}.Debug|Any CPU.Build.0 = Debug|Any CPU
		{4A74623C-08D4-4984-A7A5-E482AF0B0630}.Release|Any CPU.ActiveCfg = Release|Any CPU
		{4A74623C-08D4-4984-A7A5-E482AF0B0630}.Release|Any CPU.Build.0 = Release|Any CPU
		{366148B7-2392-4F42-80D6-786B7A3682AE}.Debug|Any CPU.ActiveCfg = Debug|Any CPU
		{366148B7-2392-4F42-80D6-786B7A3682AE}.Debug|Any CPU.Build.0 = Debug|Any CPU
		{366148B7-2392-4F42-80D6-786B7A3682AE}.Release|Any CPU.ActiveCfg = Release|Any CPU
		{366148B7-2392-4F42-80D6-786B7A3682AE}.Release|Any CPU.Build.0 = Release|Any CPU
		{007CD5DC-0030-460D-91A3-3DDEA9AB472F}.Debug|Any CPU.ActiveCfg = Debug|Any CPU
		{007CD5DC-0030-460D-91A3-3DDEA9AB472F}.Debug|Any CPU.Build.0 = Debug|Any CPU
		{007CD5DC-0030-460D-91A3-3DDEA9AB472F}.Release|Any CPU.ActiveCfg = Release|Any CPU
		{007CD5DC-0030-460D-91A3-3DDEA9AB472F}.Release|Any CPU.Build.0 = Release|Any CPU
		{B535703F-8D07-4F23-A533-2974BB4CC7B1}.Debug|Any CPU.ActiveCfg = Debug|Any CPU
		{B535703F-8D07-4F23-A533-2974BB4CC7B1}.Debug|Any CPU.Build.0 = Debug|Any CPU
		{B535703F-8D07-4F23-A533-2974BB4CC7B1}.Release|Any CPU.ActiveCfg = Release|Any CPU
		{B535703F-8D07-4F23-A533-2974BB4CC7B1}.Release|Any CPU.Build.0 = Release|Any CPU
		{0D0B809C-03AB-4EE1-898F-CFE28CF5B245}.Debug|Any CPU.ActiveCfg = Debug|Any CPU
		{0D0B809C-03AB-4EE1-898F-CFE28CF5B245}.Debug|Any CPU.Build.0 = Debug|Any CPU
		{0D0B809C-03AB-4EE1-898F-CFE28CF5B245}.Release|Any CPU.ActiveCfg = Release|Any CPU
		{0D0B809C-03AB-4EE1-898F-CFE28CF5B245}.Release|Any CPU.Build.0 = Release|Any CPU
		{DA079E95-DB53-4A66-AB35-2DAB71D19276}.Debug|Any CPU.ActiveCfg = Debug|Any CPU
		{DA079E95-DB53-4A66-AB35-2DAB71D19276}.Debug|Any CPU.Build.0 = Debug|Any CPU
		{DA079E95-DB53-4A66-AB35-2DAB71D19276}.Release|Any CPU.ActiveCfg = Release|Any CPU
		{DA079E95-DB53-4A66-AB35-2DAB71D19276}.Release|Any CPU.Build.0 = Release|Any CPU
		{0D6BA4D8-C469-4AE9-9EBB-93BDF7D7E78F}.Debug|Any CPU.ActiveCfg = Debug|Any CPU
		{0D6BA4D8-C469-4AE9-9EBB-93BDF7D7E78F}.Debug|Any CPU.Build.0 = Debug|Any CPU
		{0D6BA4D8-C469-4AE9-9EBB-93BDF7D7E78F}.Release|Any CPU.ActiveCfg = Release|Any CPU
		{0D6BA4D8-C469-4AE9-9EBB-93BDF7D7E78F}.Release|Any CPU.Build.0 = Release|Any CPU
		{3FF15D1A-72B6-443D-A3FB-9DD260715FAF}.Debug|Any CPU.ActiveCfg = Debug|Any CPU
		{3FF15D1A-72B6-443D-A3FB-9DD260715FAF}.Debug|Any CPU.Build.0 = Debug|Any CPU
		{3FF15D1A-72B6-443D-A3FB-9DD260715FAF}.Release|Any CPU.ActiveCfg = Release|Any CPU
		{3FF15D1A-72B6-443D-A3FB-9DD260715FAF}.Release|Any CPU.Build.0 = Release|Any CPU
	EndGlobalSection
	GlobalSection(SolutionProperties) = preSolution
		HideSolutionNode = FALSE
	EndGlobalSection
	GlobalSection(NestedProjects) = preSolution
		{9D180712-0180-4814-95C8-C9A0732EC28D} = {6F81D5A7-DD8E-40CF-A696-7E14B6309CD0}
		{8EFF3E66-3270-4963-A5C7-DAC4D37F2EB1} = {F0B4745C-13FB-4D0B-99EF-FEC87FFB9152}
		{9EEA1520-1BDF-4D72-849B-5D0A8617CE8B} = {F0B4745C-13FB-4D0B-99EF-FEC87FFB9152}
		{3503FBB8-211C-4C2B-93D7-09722F940A83} = {F0B4745C-13FB-4D0B-99EF-FEC87FFB9152}
		{E03B9C08-33E0-49A4-806A-ABDC970BEE5B} = {6F81D5A7-DD8E-40CF-A696-7E14B6309CD0}
		{E43717F3-A0D3-4BB1-944B-AAB0CA59F52C} = {F0B4745C-13FB-4D0B-99EF-FEC87FFB9152}
		{02BAF3FF-15E5-4C65-BB40-C3737EAF7720} = {5872A4A3-9C15-46E9-8201-30CD274C36E1}
		{4A74623C-08D4-4984-A7A5-E482AF0B0630} = {9D180712-0180-4814-95C8-C9A0732EC28D}
		{AC24475B-39E2-4F3B-8E0B-2FD70CEE7B26} = {5872A4A3-9C15-46E9-8201-30CD274C36E1}
		{710EC5F9-3473-49A1-A034-55EC396C6CB5} = {5872A4A3-9C15-46E9-8201-30CD274C36E1}
		{366148B7-2392-4F42-80D6-786B7A3682AE} = {AC24475B-39E2-4F3B-8E0B-2FD70CEE7B26}
		{007CD5DC-0030-460D-91A3-3DDEA9AB472F} = {710EC5F9-3473-49A1-A034-55EC396C6CB5}
		{B535703F-8D07-4F23-A533-2974BB4CC7B1} = {02BAF3FF-15E5-4C65-BB40-C3737EAF7720}
		{0D0B809C-03AB-4EE1-898F-CFE28CF5B245} = {9EEA1520-1BDF-4D72-849B-5D0A8617CE8B}
		{DA079E95-DB53-4A66-AB35-2DAB71D19276} = {E43717F3-A0D3-4BB1-944B-AAB0CA59F52C}
		{CB7D7C9A-7292-47C0-A3A5-92B055C20578} = {5872A4A3-9C15-46E9-8201-30CD274C36E1}
		{0D6BA4D8-C469-4AE9-9EBB-93BDF7D7E78F} = {CB7D7C9A-7292-47C0-A3A5-92B055C20578}
		{3FF15D1A-72B6-443D-A3FB-9DD260715FAF} = {E03B9C08-33E0-49A4-806A-ABDC970BEE5B}
	EndGlobalSection
	GlobalSection(ExtensibilityGlobals) = postSolution
		SolutionGuid = {D5BA27B1-5009-49D1-BBDE-A3C73AD2F281}
	EndGlobalSection
EndGlobal
